{
  "name": "marked-katex-extension-ts",
  "version": "1.0.0",
  "lockfileVersion": 2,
  "requires": true,
  "packages": {
    "": {
      "name": "marked-katex-extension-ts",
      "version": "1.0.0",
      "license": "ISC",
      "dependencies": {
        "@types/katex": "^0.14.0",
        "@types/marked": "^4.0.7",
        "katex": "^0.16.3",
        "marked": "^4.2.3",
        "typescript": "^4.9.3"
      },
      "devDependencies": {
        "@types/node": "^18.11.9"
      }
    },
    "node_modules/@types/katex": {
      "version": "0.14.0",
      "resolved": "https://registry.npmjs.org/@types/katex/-/katex-0.14.0.tgz",
      "integrity": "sha512-+2FW2CcT0K3P+JMR8YG846bmDwplKUTsWgT2ENwdQ1UdVfRk3GQrh6Mi4sTopy30gI8Uau5CEqHTDZ6YvWIUPA=="
    },
    "node_modules/@types/marked": {
      "version": "4.0.7",
      "resolved": "https://registry.npmjs.org/@types/marked/-/marked-4.0.7.tgz",
      "integrity": "sha512-eEAhnz21CwvKVW+YvRvcTuFKNU9CV1qH+opcgVK3pIMI6YZzDm6gc8o2vHjldFk6MGKt5pueSB7IOpvpx5Qekw=="
    },
    "node_modules/@types/node": {
      "version": "18.11.9",
      "resolved": "https://registry.npmjs.org/@types/node/-/node-18.11.9.tgz",
      "integrity": "sha512-CRpX21/kGdzjOpFsZSkcrXMGIBWMGNIHXXBVFSH+ggkftxg+XYP20TESbh+zFvFj3EQOl5byk0HTRn1IL6hbqg==",
      "dev": true
    },
    "node_modules/commander": {
      "version": "8.3.0",
      "resolved": "https://registry.npmjs.org/commander/-/commander-8.3.0.tgz",
      "integrity": "sha512-OkTL9umf+He2DZkUq8f8J9of7yL6RJKI24dVITBmNfZBmri9zYZQrKkuXiKhyfPSu8tUhnVBB1iKXevvnlR4Ww==",
      "engines": {
        "node": ">= 12"
      }
    },
    "node_modules/katex": {
      "version": "0.16.3",
      "resolved": "https://registry.npmjs.org/katex/-/katex-0.16.3.tgz",
      "integrity": "sha512-3EykQddareoRmbtNiNEDgl3IGjryyrp2eg/25fHDEnlHymIDi33bptkMv6K4EOC2LZCybLW/ZkEo6Le+EM9pmA==",
      "funding": [
        "https://opencollective.com/katex",
        "https://github.com/sponsors/katex"
      ],
      "dependencies": {
        "commander": "^8.0.0"
      },
      "bin": {
        "katex": "cli.js"
      }
    },
    "node_modules/marked": {
      "version": "4.2.3",
      "resolved": "https://registry.npmjs.org/marked/-/marked-4.2.3.tgz",
      "integrity": "sha512-slWRdJkbTZ+PjkyJnE30Uid64eHwbwa1Q25INCAYfZlK4o6ylagBy/Le9eWntqJFoFT93ikUKMv47GZ4gTwHkw==",
      "bin": {
        "marked": "bin/marked.js"
      },
      "engines": {
        "node": ">= 12"
      }
    },
    "node_modules/typescript": {
      "version": "4.9.3",
      "resolved": "https://registry.npmjs.org/typescript/-/typescript-4.9.3.tgz",
      "integrity": "sha512-CIfGzTelbKNEnLpLdGFgdyKhG23CKdKgQPOBc+OUNrkJ2vr+KSzsSV5kq5iWhEQbok+quxgGzrAtGWCyU7tHnA==",
      "bin": {
        "tsc": "bin/tsc",
        "tsserver": "bin/tsserver"
      },
      "engines": {
        "node": ">=4.2.0"
      }
    }
  },
  "dependencies": {
    "@types/katex": {
      "version": "0.14.0",
      "resolved": "https://registry.npmjs.org/@types/katex/-/katex-0.14.0.tgz",
      "integrity": "sha512-+2FW2CcT0K3P+JMR8YG846bmDwplKUTsWgT2ENwdQ1UdVfRk3GQrh6Mi4sTopy30gI8Uau5CEqHTDZ6YvWIUPA=="
    },
    "@types/marked": {
      "version": "4.0.7",
      "resolved": "https://registry.npmjs.org/@types/marked/-/marked-4.0.7.tgz",
      "integrity": "sha512-eEAhnz21CwvKVW+YvRvcTuFKNU9CV1qH+opcgVK3pIMI6YZzDm6gc8o2vHjldFk6MGKt5pueSB7IOpvpx5Qekw=="
    },
    "@types/node": {
      "version": "18.11.9",
      "resolved": "https://registry.npmjs.org/@types/node/-/node-18.11.9.tgz",
      "integrity": "sha512-CRpX21/kGdzjOpFsZSkcrXMGIBWMGNIHXXBVFSH+ggkftxg+XYP20TESbh+zFvFj3EQOl5byk0HTRn1IL6hbqg==",
      "dev": true
    },
    "commander": {
      "version": "8.3.0",
      "resolved": "https://registry.npmjs.org/commander/-/commander-8.3.0.tgz",
      "integrity": "sha512-OkTL9umf+He2DZkUq8f8J9of7yL6RJKI24dVITBmNfZBmri9zYZQrKkuXiKhyfPSu8tUhnVBB1iKXevvnlR4Ww=="
    },
    "katex": {
      "version": "0.16.3",
      "resolved": "https://registry.npmjs.org/katex/-/katex-0.16.3.tgz",
      "integrity": "sha512-3EykQddareoRmbtNiNEDgl3IGjryyrp2eg/25fHDEnlHymIDi33bptkMv6K4EOC2LZCybLW/ZkEo6Le+EM9pmA==",
      "requires": {
        "commander": "^8.0.0"
      }
    },
    "marked": {
      "version": "4.2.3",
      "resolved": "https://registry.npmjs.org/marked/-/marked-4.2.3.tgz",
      "integrity": "sha512-slWRdJkbTZ+PjkyJnE30Uid64eHwbwa1Q25INCAYfZlK4o6ylagBy/Le9eWntqJFoFT93ikUKMv47GZ4gTwHkw=="
    },
    "typescript": {
      "version": "4.9.3",
      "resolved": "https://registry.npmjs.org/typescript/-/typescript-4.9.3.tgz",
      "integrity": "sha512-CIfGzTelbKNEnLpLdGFgdyKhG23CKdKgQPOBc+OUNrkJ2vr+KSzsSV5kq5iWhEQbok+quxgGzrAtGWCyU7tHnA=="
    }
  }
}
